
Microsoft Visual Studio Solution File, Format Version 12.00
# Visual Studio Version 16
VisualStudioVersion = 25.0.1705.0
MinimumVisualStudioVersion = 10.0.40219.1
Project("{FAE04EC0-301F-11D3-BF4B-00C04F79EFBC}") = "ProjetoTeste", "ProjetoTeste\ProjetoTeste.csproj", "{B70BBF0F-4962-4C3F-90DE-836A4E9B8F6B}"
EndProject
Project("{FAE04EC0-301F-11D3-BF4B-00C04F79EFBC}") = "ProjetoTesteMstest", "ProjetoTesteMstest\ProjetoTesteMstest.csproj", "{ADC923E6-6C38-422A-AD43-9FCAE5D6C7DE}"
EndProject
Project("{FAE04EC0-301F-11D3-BF4B-00C04F79EFBC}") = "ProjetoTestexUnit", "ProjetoTestexUnit\ProjetoTestexUnit.csproj", "{B7F974FC-2BEC-42CF-B827-62584F6059DE}"
EndProject
Global
	GlobalSection(SolutionConfigurationPlatforms) = preSolution
		Debug|Any CPU = Debug|Any CPU
		Release|Any CPU = Release|Any CPU
	EndGlobalSection
	GlobalSection(ProjectConfigurationPlatforms) = postSolution
		{B70BBF0F-4962-4C3F-90DE-836A4E9B8F6B}.Debug|Any CPU.ActiveCfg = Debug|Any CPU
		{B70BBF0F-4962-4C3F-90DE-836A4E9B8F6B}.Debug|Any CPU.Build.0 = Debug|Any CPU
		{B70BBF0F-4962-4C3F-90DE-836A4E9B8F6B}.Release|Any CPU.ActiveCfg = Release|Any CPU
		{B70BBF0F-4962-4C3F-90DE-836A4E9B8F6B}.Release|Any CPU.Build.0 = Release|Any CPU
		{ADC923E6-6C38-422A-AD43-9FCAE5D6C7DE}.Debug|Any CPU.ActiveCfg = Debug|Any CPU
		{ADC923E6-6C38-422A-AD43-9FCAE5D6C7DE}.Debug|Any CPU.Build.0 = Debug|Any CPU
		{ADC923E6-6C38-422A-AD43-9FCAE5D6C7DE}.Release|Any CPU.ActiveCfg = Release|Any CPU
		{ADC923E6-6C38-422A-AD43-9FCAE5D6C7DE}.Release|Any CPU.Build.0 = Release|Any CPU
		{B7F974FC-2BEC-42CF-B827-62584F6059DE}.Debug|Any CPU.ActiveCfg = Debug|Any CPU
		{B7F974FC-2BEC-42CF-B827-62584F6059DE}.Debug|Any CPU.Build.0 = Debug|Any CPU
		{B7F974FC-2BEC-42CF-B827-62584F6059DE}.Release|Any CPU.ActiveCfg = Release|Any CPU
		{B7F974FC-2BEC-42CF-B827-62584F6059DE}.Release|Any CPU.Build.0 = Release|Any CPU
	EndGlobalSection
	GlobalSection(SolutionProperties) = preSolution
		HideSolutionNode = FALSE
	EndGlobalSection
	GlobalSection(ExtensibilityGlobals) = postSolution
		SolutionGuid = {19993FBD-54BE-4C3E-A019-BC3890596FEA}
	EndGlobalSection
EndGlobal
